Microsoft Visual Studio Solution File, Format Version 11.00
# Visual Studio 2008

Project("{ED396143-95AB-C84C-C061-99F96FD4E6CA}") = "Habit", "Assembly-CSharp.csproj", "{BA37EF5E-C781-90A9-F8C5-BBBE522FF31B}"
EndProject
Project("{ED396143-95AB-C84C-C061-99F96FD4E6CA}") = "Habit", "Assembly-CSharp-Editor.csproj", "{275A610D-0DBC-12A2-A64A-66A302097CB8}"
EndProject
Global
	GlobalSection(SolutionConfigurationPlatforms) = preSolution
		Debug|Any CPU = Debug|Any CPU
		Release|Any CPU = Release|Any CPU
	EndGlobalSection
	GlobalSection(ProjectConfigurationPlatforms) = postSolution
		{BA37EF5E-C781-90A9-F8C5-BBBE522FF31B}.Debug|Any CPU.ActiveCfg = Debug|Any CPU
		{BA37EF5E-C781-90A9-F8C5-BBBE522FF31B}.Debug|Any CPU.Build.0 = Debug|Any CPU
		{BA37EF5E-C781-90A9-F8C5-BBBE522FF31B}.Release|Any CPU.ActiveCfg = Release|Any CPU
		{BA37EF5E-C781-90A9-F8C5-BBBE522FF31B}.Release|Any CPU.Build.0 = Release|Any CPU
		{275A610D-0DBC-12A2-A64A-66A302097CB8}.Debug|Any CPU.ActiveCfg = Debug|Any CPU
		{275A610D-0DBC-12A2-A64A-66A302097CB8}.Debug|Any CPU.Build.0 = Debug|Any CPU
		{275A610D-0DBC-12A2-A64A-66A302097CB8}.Release|Any CPU.ActiveCfg = Release|Any CPU
		{275A610D-0DBC-12A2-A64A-66A302097CB8}.Release|Any CPU.Build.0 = Release|Any CPU
	EndGlobalSection
	GlobalSection(SolutionProperties) = preSolution
		HideSolutionNode = FALSE
	EndGlobalSection
	GlobalSection(MonoDevelopProperties) = preSolution
		StartupItem = Assembly-CSharp.csproj
	EndGlobalSection
EndGlobal
