
Microsoft Visual Studio Solution File, Format Version 12.00
# Visual Studio 2015
Project("{FAE04EC0-301F-11D3-BF4B-00C04F79EFBC}") = "Habit.CSharp", "Habit.CSharp.csproj", "{1D17B1B0-2E7D-6933-1F68-D7E8694D72C5}"
EndProject
Project("{FAE04EC0-301F-11D3-BF4B-00C04F79EFBC}") = "Habit.CSharp.Editor", "Habit.CSharp.Editor.csproj", "{B153108F-550C-A33A-9361-E6A878E42060}"
EndProject
Global
	GlobalSection(SolutionConfigurationPlatforms) = preSolution
		Debug|Any CPU = Debug|Any CPU
		Release|Any CPU = Release|Any CPU
	EndGlobalSection
	GlobalSection(ProjectConfigurationPlatforms) = postSolution
		{1D17B1B0-2E7D-6933-1F68-D7E8694D72C5}.Debug|Any CPU.ActiveCfg = Debug|Any CPU
		{1D17B1B0-2E7D-6933-1F68-D7E8694D72C5}.Debug|Any CPU.Build.0 = Debug|Any CPU
		{1D17B1B0-2E7D-6933-1F68-D7E8694D72C5}.Release|Any CPU.ActiveCfg = Release|Any CPU
		{1D17B1B0-2E7D-6933-1F68-D7E8694D72C5}.Release|Any CPU.Build.0 = Release|Any CPU
		{B153108F-550C-A33A-9361-E6A878E42060}.Debug|Any CPU.ActiveCfg = Debug|Any CPU
		{B153108F-550C-A33A-9361-E6A878E42060}.Debug|Any CPU.Build.0 = Debug|Any CPU
		{B153108F-550C-A33A-9361-E6A878E42060}.Release|Any CPU.ActiveCfg = Release|Any CPU
		{B153108F-550C-A33A-9361-E6A878E42060}.Release|Any CPU.Build.0 = Release|Any CPU
	EndGlobalSection
	GlobalSection(SolutionProperties) = preSolution
		HideSolutionNode = FALSE
	EndGlobalSection
EndGlobal
